
Microsoft Visual Studio Solution File, Format Version 12.00
Project("{FAE04EC0-301F-11D3-BF4B-00C04F79EFBC}") = "CW", "CW\CW.csproj", "{1B956F31-6D4D-4C65-B617-9BCD173E6D9F}"
EndProject
Project("{FAE04EC0-301F-11D3-BF4B-00C04F79EFBC}") = "HW", "HW\HW.csproj", "{245AC17D-D178-4FE6-846E-06C17C7A0575}"
EndProject
Global
	GlobalSection(SolutionConfigurationPlatforms) = preSolution
		Debug|Any CPU = Debug|Any CPU
		Release|Any CPU = Release|Any CPU
	EndGlobalSection
	GlobalSection(ProjectConfigurationPlatforms) = postSolution
		{1B956F31-6D4D-4C65-B617-9BCD173E6D9F}.Debug|Any CPU.ActiveCfg = Debug|Any CPU
		{1B956F31-6D4D-4C65-B617-9BCD173E6D9F}.Debug|Any CPU.Build.0 = Debug|Any CPU
		{1B956F31-6D4D-4C65-B617-9BCD173E6D9F}.Release|Any CPU.ActiveCfg = Release|Any CPU
		{1B956F31-6D4D-4C65-B617-9BCD173E6D9F}.Release|Any CPU.Build.0 = Release|Any CPU
		{245AC17D-D178-4FE6-846E-06C17C7A0575}.Debug|Any CPU.ActiveCfg = Debug|Any CPU
		{245AC17D-D178-4FE6-846E-06C17C7A0575}.Debug|Any CPU.Build.0 = Debug|Any CPU
		{245AC17D-D178-4FE6-846E-06C17C7A0575}.Release|Any CPU.ActiveCfg = Release|Any CPU
		{245AC17D-D178-4FE6-846E-06C17C7A0575}.Release|Any CPU.Build.0 = Release|Any CPU
	EndGlobalSection
EndGlobal
