
Microsoft Visual Studio Solution File, Format Version 12.00
# Visual Studio Version 16
VisualStudioVersion = 16.0.29613.14
MinimumVisualStudioVersion = 10.0.40219.1
Project("{9A19103F-16F7-4668-BE54-9A1E7A4F7556}") = "Task02", "Task02\Task02.csproj", "{AAB71AAB-3D45-407F-BF94-BF104D3AAAC9}"
EndProject
Project("{FAE04EC0-301F-11D3-BF4B-00C04F79EFBC}") = "Task01", "Task01\Task01.csproj", "{30989BFD-09E9-412B-9DFE-DB2B2564DE6B}"
EndProject
Global
	GlobalSection(SolutionConfigurationPlatforms) = preSolution
		Debug|Any CPU = Debug|Any CPU
		Release|Any CPU = Release|Any CPU
	EndGlobalSection
	GlobalSection(ProjectConfigurationPlatforms) = postSolution
		{AAB71AAB-3D45-407F-BF94-BF104D3AAAC9}.Debug|Any CPU.ActiveCfg = Debug|Any CPU
		{AAB71AAB-3D45-407F-BF94-BF104D3AAAC9}.Debug|Any CPU.Build.0 = Debug|Any CPU
		{AAB71AAB-3D45-407F-BF94-BF104D3AAAC9}.Release|Any CPU.ActiveCfg = Release|Any CPU
		{AAB71AAB-3D45-407F-BF94-BF104D3AAAC9}.Release|Any CPU.Build.0 = Release|Any CPU
		{30989BFD-09E9-412B-9DFE-DB2B2564DE6B}.Debug|Any CPU.ActiveCfg = Debug|Any CPU
		{30989BFD-09E9-412B-9DFE-DB2B2564DE6B}.Debug|Any CPU.Build.0 = Debug|Any CPU
		{30989BFD-09E9-412B-9DFE-DB2B2564DE6B}.Release|Any CPU.ActiveCfg = Release|Any CPU
		{30989BFD-09E9-412B-9DFE-DB2B2564DE6B}.Release|Any CPU.Build.0 = Release|Any CPU
	EndGlobalSection
	GlobalSection(SolutionProperties) = preSolution
		HideSolutionNode = FALSE
	EndGlobalSection
	GlobalSection(ExtensibilityGlobals) = postSolution
		SolutionGuid = {BCCB00AD-42F5-42DC-B169-DED02E7526B6}
	EndGlobalSection
EndGlobal
