
Microsoft Visual Studio Solution File, Format Version 12.00
Project("{FAE04EC0-301F-11D3-BF4B-00C04F79EFBC}") = "Task01", "Task01\Task01.csproj", "{A700B64A-C465-4C98-8C44-68740FFB6980}"
EndProject
Project("{FAE04EC0-301F-11D3-BF4B-00C04F79EFBC}") = "Task02", "Task02\Task02.csproj", "{570C0608-1B39-428F-8630-CEA263AC6224}"
EndProject
Global
	GlobalSection(SolutionConfigurationPlatforms) = preSolution
		Debug|Any CPU = Debug|Any CPU
		Release|Any CPU = Release|Any CPU
	EndGlobalSection
	GlobalSection(ProjectConfigurationPlatforms) = postSolution
		{A700B64A-C465-4C98-8C44-68740FFB6980}.Debug|Any CPU.ActiveCfg = Debug|Any CPU
		{A700B64A-C465-4C98-8C44-68740FFB6980}.Debug|Any CPU.Build.0 = Debug|Any CPU
		{A700B64A-C465-4C98-8C44-68740FFB6980}.Release|Any CPU.ActiveCfg = Release|Any CPU
		{A700B64A-C465-4C98-8C44-68740FFB6980}.Release|Any CPU.Build.0 = Release|Any CPU
		{570C0608-1B39-428F-8630-CEA263AC6224}.Debug|Any CPU.ActiveCfg = Debug|Any CPU
		{570C0608-1B39-428F-8630-CEA263AC6224}.Debug|Any CPU.Build.0 = Debug|Any CPU
		{570C0608-1B39-428F-8630-CEA263AC6224}.Release|Any CPU.ActiveCfg = Release|Any CPU
		{570C0608-1B39-428F-8630-CEA263AC6224}.Release|Any CPU.Build.0 = Release|Any CPU
	EndGlobalSection
EndGlobal
