
Microsoft Visual Studio Solution File, Format Version 12.00
# Visual Studio Version 17
VisualStudioVersion = 17.0.31903.59
MinimumVisualStudioVersion = 10.0.40219.1
Project("{9A19103F-16F7-4668-BE54-9A1E7A4F7556}") = "Task01", "Task01\Task01.csproj", "{E8EB5A32-D4EA-4771-A4E6-37A5B7034EF3}"
EndProject
Project("{FAE04EC0-301F-11D3-BF4B-00C04F79EFBC}") = "Task02", "Task02\Task02.csproj", "{D3A8EA5C-24F9-4BE6-990C-54CDBCEB5C1F}"
EndProject
Global
	GlobalSection(SolutionConfigurationPlatforms) = preSolution
		Debug|Any CPU = Debug|Any CPU
		Release|Any CPU = Release|Any CPU
	EndGlobalSection
	GlobalSection(ProjectConfigurationPlatforms) = postSolution
		{E8EB5A32-D4EA-4771-A4E6-37A5B7034EF3}.Debug|Any CPU.ActiveCfg = Debug|Any CPU
		{E8EB5A32-D4EA-4771-A4E6-37A5B7034EF3}.Debug|Any CPU.Build.0 = Debug|Any CPU
		{E8EB5A32-D4EA-4771-A4E6-37A5B7034EF3}.Release|Any CPU.ActiveCfg = Release|Any CPU
		{E8EB5A32-D4EA-4771-A4E6-37A5B7034EF3}.Release|Any CPU.Build.0 = Release|Any CPU
		{D3A8EA5C-24F9-4BE6-990C-54CDBCEB5C1F}.Debug|Any CPU.ActiveCfg = Debug|Any CPU
		{D3A8EA5C-24F9-4BE6-990C-54CDBCEB5C1F}.Debug|Any CPU.Build.0 = Debug|Any CPU
		{D3A8EA5C-24F9-4BE6-990C-54CDBCEB5C1F}.Release|Any CPU.ActiveCfg = Release|Any CPU
		{D3A8EA5C-24F9-4BE6-990C-54CDBCEB5C1F}.Release|Any CPU.Build.0 = Release|Any CPU
	EndGlobalSection
	GlobalSection(SolutionProperties) = preSolution
		HideSolutionNode = FALSE
	EndGlobalSection
	GlobalSection(ExtensibilityGlobals) = postSolution
		SolutionGuid = {08B891B7-3516-470A-BE0A-5CBE26504FA4}
	EndGlobalSection
EndGlobal
