
Microsoft Visual Studio Solution File, Format Version 12.00
# Visual Studio Version 16
VisualStudioVersion = 16.0.31702.278
MinimumVisualStudioVersion = 10.0.40219.1
Project("{FAE04EC0-301F-11D3-BF4B-00C04F79EFBC}") = "Task01", "Task01\Task01.csproj", "{3B8E3C6D-2F51-42FB-BBD8-3EA600A2CACC}"
EndProject
Project("{FAE04EC0-301F-11D3-BF4B-00C04F79EFBC}") = "Task02", "Task02\Task02.csproj", "{18A73DC9-256E-4AC6-A38D-DE67E2F41BB1}"
EndProject
Project("{FAE04EC0-301F-11D3-BF4B-00C04F79EFBC}") = "Task03", "Task03\Task03.csproj", "{49DBEDD3-4245-4219-80AF-E881EC741839}"
EndProject
Global
	GlobalSection(SolutionConfigurationPlatforms) = preSolution
		Debug|Any CPU = Debug|Any CPU
		Release|Any CPU = Release|Any CPU
	EndGlobalSection
	GlobalSection(ProjectConfigurationPlatforms) = postSolution
		{3B8E3C6D-2F51-42FB-BBD8-3EA600A2CACC}.Debug|Any CPU.ActiveCfg = Debug|Any CPU
		{3B8E3C6D-2F51-42FB-BBD8-3EA600A2CACC}.Debug|Any CPU.Build.0 = Debug|Any CPU
		{3B8E3C6D-2F51-42FB-BBD8-3EA600A2CACC}.Release|Any CPU.ActiveCfg = Release|Any CPU
		{3B8E3C6D-2F51-42FB-BBD8-3EA600A2CACC}.Release|Any CPU.Build.0 = Release|Any CPU
		{18A73DC9-256E-4AC6-A38D-DE67E2F41BB1}.Debug|Any CPU.ActiveCfg = Debug|Any CPU
		{18A73DC9-256E-4AC6-A38D-DE67E2F41BB1}.Debug|Any CPU.Build.0 = Debug|Any CPU
		{18A73DC9-256E-4AC6-A38D-DE67E2F41BB1}.Release|Any CPU.ActiveCfg = Release|Any CPU
		{18A73DC9-256E-4AC6-A38D-DE67E2F41BB1}.Release|Any CPU.Build.0 = Release|Any CPU
		{49DBEDD3-4245-4219-80AF-E881EC741839}.Debug|Any CPU.ActiveCfg = Debug|Any CPU
		{49DBEDD3-4245-4219-80AF-E881EC741839}.Debug|Any CPU.Build.0 = Debug|Any CPU
		{49DBEDD3-4245-4219-80AF-E881EC741839}.Release|Any CPU.ActiveCfg = Release|Any CPU
		{49DBEDD3-4245-4219-80AF-E881EC741839}.Release|Any CPU.Build.0 = Release|Any CPU
	EndGlobalSection
	GlobalSection(SolutionProperties) = preSolution
		HideSolutionNode = FALSE
	EndGlobalSection
	GlobalSection(ExtensibilityGlobals) = postSolution
		SolutionGuid = {9E8A1B91-00FA-46EC-B452-C707C1042CBC}
	EndGlobalSection
EndGlobal
